
Microsoft Visual Studio Solution File, Format Version 12.00
# Visual Studio Version 17
VisualStudioVersion = 17.8.34511.84
MinimumVisualStudioVersion = 10.0.40219.1
Project("{FAE04EC0-301F-11D3-BF4B-00C04F79EFBC}") = "Tic Tac Toe", "Tic Tac Toe\Tic Tac Toe.csproj", "{6FD509EB-ECDC-4853-814E-B795BD558D58}"
EndProject
Global
	GlobalSection(SolutionConfigurationPlatforms) = preSolution
		Debug|Any CPU = Debug|Any CPU
		Release|Any CPU = Release|Any CPU
	EndGlobalSection
	GlobalSection(ProjectConfigurationPlatforms) = postSolution
		{6FD509EB-ECDC-4853-814E-B795BD558D58}.Debug|Any CPU.ActiveCfg = Debug|Any CPU
		{6FD509EB-ECDC-4853-814E-B795BD558D58}.Debug|Any CPU.Build.0 = Debug|Any CPU
		{6FD509EB-ECDC-4853-814E-B795BD558D58}.Release|Any CPU.ActiveCfg = Release|Any CPU
		{6FD509EB-ECDC-4853-814E-B795BD558D58}.Release|Any CPU.Build.0 = Release|Any CPU
	EndGlobalSection
	GlobalSection(SolutionProperties) = preSolution
		HideSolutionNode = FALSE
	EndGlobalSection
	GlobalSection(ExtensibilityGlobals) = postSolution
		SolutionGuid = {63FABC71-52D9-41F8-B626-668C8883B0EA}
	EndGlobalSection
EndGlobal
